{
  "name": "open-exercise-db",
  "lockfileVersion": 3,
  "requires": true,
  "packages": {
    "": {
      "name": "open-exercise-db",
      "dependencies": {
        "ajv": "^8.17.1",
        "yaml": "^2.9.1"
      },
      "devDependencies": {
        "lefthook": "^2.1.15"
      },
      "engines": {
        "node": ">=20"
      }
    },
    "node_modules/ajv": {
      "version": "8.20.0",
      "resolved": "https://registry.npmjs.org/ajv/-/ajv-8.20.0.tgz",
      "integrity": "sha512-Thbli+OlOj+iMPYFBVBfJ3OmCAnaSyNn4M1vz9T6Gka5Jt9ba/HIR56joy65tY6kx/FCF5VXNB819Y7/GUrBGA==",
      "license": "MIT",
      "dependencies": {
        "fast-deep-equal": "^3.1.3",
        "fast-uri": "^3.0.1",
        "json-schema-traverse": "^1.0.0",
        "require-from-string": "^2.0.2"
      },
      "funding": {
        "type": "github",
        "url": "https://github.com/sponsors/epoberezkin"
      }
    },
    "node_modules/fast-deep-equal": {
      "version": "3.1.3",
      "resolved": "https://registry.npmjs.org/fast-deep-equal/-/fast-deep-equal-3.1.3.tgz",
      "integrity": "sha512-f3qQ9oQy9j2AhBe/H9VC91wLmKBCCU/gDOnKNAYG5hswO7BLKj09Hc5HYNz9cGI++xlpDCIgDaitVs03ATR84Q==",
      "license": "MIT"
    },
    "node_modules/fast-uri": {
      "version": "3.1.5",
      "resolved": "https://registry.npmjs.org/fast-uri/-/fast-uri-3.1.5.tgz",
      "integrity": "sha512-gHwA1O9LDIcKunMKhObS/HimwtehO1nPUECKAu5TpKgaO19fcWEl4bliWe1jWxVFvIXztJjjQ4L8XQ1EU9f7Jw==",
      "funding": [
        {
          "type": "github",
          "url": "https://github.com/sponsors/fastify"
        },
        {
          "type": "opencollective",
          "url": "https://opencollective.com/fastify"
        }
      ],
      "license": "BSD-3-Clause"
    },
    "node_modules/json-schema-traverse": {
      "version": "1.0.0",
      "resolved": "https://registry.npmjs.org/json-schema-traverse/-/json-schema-traverse-1.0.0.tgz",
      "integrity": "sha512-NM8/P9n3XjXhIZn1lLhkFaACTOURQXjWhV4BA/RnOv8xvgqtqpAX9IO4mRQxSx1Rlo4tqzeqb0sOlruaOy3dug==",
      "license": "MIT"
    },
    "node_modules/lefthook": {
      "version": "2.1.15",
      "resolved": "https://registry.npmjs.org/lefthook/-/lefthook-2.1.15.tgz",
      "integrity": "sha512-l/BSlOZBou3zLDuSIV8V+kbNyC6UiFCACVHu8dVUCDxH5+8qZXmJr8iROruI/7hv6W7c3sVlVT+6+BpVhGZRmA==",
      "dev": true,
      "hasInstallScript": true,
      "license": "MIT",
      "bin": {
        "lefthook": "bin/index.js"
      },
      "optionalDependencies": {
        "lefthook-darwin-arm64": "2.1.15",
        "lefthook-darwin-x64": "2.1.15",
        "lefthook-freebsd-arm64": "2.1.15",
        "lefthook-freebsd-x64": "2.1.15",
        "lefthook-linux-arm64": "2.1.15",
        "lefthook-linux-x64": "2.1.15",
        "lefthook-openbsd-arm64": "2.1.15",
        "lefthook-openbsd-x64": "2.1.15",
        "lefthook-windows-arm64": "2.1.15",
        "lefthook-windows-x64": "2.1.15"
      }
    },
    "node_modules/lefthook-darwin-arm64": {
      "version": "2.1.15",
      "resolved": "https://registry.npmjs.org/lefthook-darwin-arm64/-/lefthook-darwin-arm64-2.1.15.tgz",
      "integrity": "sha512-6sNtlNsoeahxZySHbMMijFS8qB5nxZjMohO5t9x4UoM03sKAwXL++vR196mKOF942YdvkuDrwd+qyxfAU6QmWg==",
      "cpu": [
        "arm64"
      ],
      "dev": true,
      "license": "MIT",
      "optional": true,
      "os": [
        "darwin"
      ]
    },
    "node_modules/lefthook-darwin-x64": {
      "version": "2.1.15",
      "resolved": "https://registry.npmjs.org/lefthook-darwin-x64/-/lefthook-darwin-x64-2.1.15.tgz",
      "integrity": "sha512-B2upzVBV/9adKe0fGUO4JCrgx/iKx3qC6PQ2N3Qrok9yL5wDx+AZ6L5GNNgAKUbUWP6XZywyZZ/DFTPLOGxA/Q==",
      "cpu": [
        "x64"
      ],
      "dev": true,
      "license": "MIT",
      "optional": true,
      "os": [
        "darwin"
      ]
    },
    "node_modules/lefthook-freebsd-arm64": {
      "version": "2.1.15",
      "resolved": "https://registry.npmjs.org/lefthook-freebsd-arm64/-/lefthook-freebsd-arm64-2.1.15.tgz",
      "integrity": "sha512-7PbO32jhKKHqRdD6DIucmQrZ5nHlXwhxHdqy6CxTH2wNNPlvjXPrMqb6W0SpHuOLS0dWdz77ZVJsOvwfH139AA==",
      "cpu": [
        "arm64"
      ],
      "dev": true,
      "license": "MIT",
      "optional": true,
      "os": [
        "freebsd"
      ]
    },
    "node_modules/lefthook-freebsd-x64": {
      "version": "2.1.15",
      "resolved": "https://registry.npmjs.org/lefthook-freebsd-x64/-/lefthook-freebsd-x64-2.1.15.tgz",
      "integrity": "sha512-0XEgTQomWVV/uw4v5A/OMSfRk/9MRu3OBgTX1xF2QvUrb+fCEglkrJW299vSqndKn53MkUtyoIntz0ajw4PJlA==",
      "cpu": [
        "x64"
      ],
      "dev": true,
      "license": "MIT",
      "optional": true,
      "os": [
        "freebsd"
      ]
    },
    "node_modules/lefthook-linux-arm64": {
      "version": "2.1.15",
      "resolved": "https://registry.npmjs.org/lefthook-linux-arm64/-/lefthook-linux-arm64-2.1.15.tgz",
      "integrity": "sha512-HfgGoLtzqop68Zo9FDdP7rozFc+hv3xf2s4fWsyH50SbQLNgoKz/9vsneZG7n8bQ5YYGR/up0H9D8WQ7pou01g==",
      "cpu": [
        "arm64"
      ],
      "dev": true,
      "license": "MIT",
      "optional": true,
      "os": [
        "linux"
      ]
    },
    "node_modules/lefthook-linux-x64": {
      "version": "2.1.15",
      "resolved": "https://registry.npmjs.org/lefthook-linux-x64/-/lefthook-linux-x64-2.1.15.tgz",
      "integrity": "sha512-oyhZn6koNmXvSlSQXeTL1Zmxmlp1ysInjZCETwfAhjGb5r42HX2coaPzO0e6dvoP6bqEO8cyWoqqj+FYVz9nig==",
      "cpu": [
        "x64"
      ],
      "dev": true,
      "license": "MIT",
      "optional": true,
      "os": [
        "linux"
      ]
    },
    "node_modules/lefthook-openbsd-arm64": {
      "version": "2.1.15",
      "resolved": "https://registry.npmjs.org/lefthook-openbsd-arm64/-/lefthook-openbsd-arm64-2.1.15.tgz",
      "integrity": "sha512-/hF3ap8CUqD2whU127pesD0x0CLOymDmtR5NR5jbNrT/BryjxlL6YL7HL3KB1Xz3MZwBqYeLIceqFE9/Gc53xQ==",
      "cpu": [
        "arm64"
      ],
      "dev": true,
      "license": "MIT",
      "optional": true,
      "os": [
        "openbsd"
      ]
    },
    "node_modules/lefthook-openbsd-x64": {
      "version": "2.1.15",
      "resolved": "https://registry.npmjs.org/lefthook-openbsd-x64/-/lefthook-openbsd-x64-2.1.15.tgz",
      "integrity": "sha512-IljStK5gOS8oQPxCsHNDoHeD8vSCDHFuHWtJfRbYWVtNMEA9/2shtIKHswFWQBAxltgt4/i/lN86rErKdDoIug==",
      "cpu": [
        "x64"
      ],
      "dev": true,
      "license": "MIT",
      "optional": true,
      "os": [
        "openbsd"
      ]
    },
    "node_modules/lefthook-windows-arm64": {
      "version": "2.1.15",
      "resolved": "https://registry.npmjs.org/lefthook-windows-arm64/-/lefthook-windows-arm64-2.1.15.tgz",
      "integrity": "sha512-S1HIhsM0RZua8fQlHzXFrF0CpA/eo2/UYVUAqU+pJ/3IBAq0ZpWG4ZzfrQiSSBbcG9LB4tJgqiJVtumQKO+ZgA==",
      "cpu": [
        "arm64"
      ],
      "dev": true,
      "license": "MIT",
      "optional": true,
      "os": [
        "win32"
      ]
    },
    "node_modules/lefthook-windows-x64": {
      "version": "2.1.15",
      "resolved": "https://registry.npmjs.org/lefthook-windows-x64/-/lefthook-windows-x64-2.1.15.tgz",
      "integrity": "sha512-cp4ZhMYpX9khKw+fu0JEskq0Aeo1csREkb4WTMmJaEL7KTt+Lpp5zzSPPa8NGtpcQSKUo+ZXYrtqzpxYpPdt0g==",
      "cpu": [
        "x64"
      ],
      "dev": true,
      "license": "MIT",
      "optional": true,
      "os": [
        "win32"
      ]
    },
    "node_modules/require-from-string": {
      "version": "2.0.2",
      "resolved": "https://registry.npmjs.org/require-from-string/-/require-from-string-2.0.2.tgz",
      "integrity": "sha512-Xf0nWe6RseziFMu+Ap9biiUbmplq6S9/p+7w7YXP/JBHhrUDDUhwa+vANyubuqfZWTveU//DYVGsDG7RKL/vEw==",
      "license": "MIT",
      "engines": {
        "node": ">=0.10.0"
      }
    },
    "node_modules/yaml": {
      "version": "2.9.1",
      "resolved": "https://registry.npmjs.org/yaml/-/yaml-2.9.1.tgz",
      "integrity": "sha512-3NxN8+78OdzbT7C/WjGsyfPAtJaN3FNDsWxv7Y7mcDsT/oOmgW8BpyQQFFBnvZE3j9Y2Sdz1ULFLezL7Eb2yFw==",
      "license": "ISC",
      "bin": {
        "yaml": "bin.mjs"
      },
      "engines": {
        "node": ">= 14.6"
      },
      "funding": {
        "url": "https://github.com/sponsors/eemeli"
      }
    }
  }
}
